// !$*UTF8*$!
{
	archiveVersion = 1;
	classes = {
	};
	objectVersion = 46;
	objects = {

/* Begin PBXBuildFile section */
		231CFCCE1F12EE17009DA084 /* AppDelegate.swift in Sources */ = {isa = PBXBuildFile; fileRef = 231CFCCD1F12EE17009DA084 /* AppDelegate.swift */; };
		231CFCD01F12EE17009DA084 /* ViewController.swift in Sources */ = {isa = PBXBuildFile; fileRef = 231CFCCF1F12EE17009DA084 /* ViewController.swift */; };
		231CFCD31F12EE17009DA084 /* Main.storyboard in Resources */ = {isa = PBXBuildFile; fileRef = 231CFCD11F12EE17009DA084 /* Main.storyboard */; };
		231CFCD51F12EE17009DA084 /* Assets.xcassets in Resources */ = {isa = PBXBuildFile; fileRef = 231CFCD41F12EE17009DA084 /* Assets.xcassets */; };
		231CFCD81F12EE17009DA084 /* LaunchScreen.storyboard in Resources */ = {isa = PBXBuildFile; fileRef = 231CFCD61F12EE17009DA084 /* LaunchScreen.storyboard */; };
		2355B09B1F1847D800FAFA55 /* GoogleMobileAds.framework in Frameworks */ = {isa = PBXBuildFile; fileRef = 2355B09A1F1847D800FAFA55 /* GoogleMobileAds.framework */; settings = {ATTRIBUTES = (Required, ); }; };
		23620CE41F15879B001C5B0F /* AboutScreen.swift in Sources */ = {isa = PBXBuildFile; fileRef = 23620CE31F15879B001C5B0F /* AboutScreen.swift */; };
		23620CE61F158BFF001C5B0F /* StartScreen.swift in Sources */ = {isa = PBXBuildFile; fileRef = 23620CE51F158BFF001C5B0F /* StartScreen.swift */; };
		23CA52401F8E6CF600195CDC /* StoreKit.framework in Frameworks */ = {isa = PBXBuildFile; fileRef = 23CA523F1F8E6CF600195CDC /* StoreKit.framework */; };
/* End PBXBuildFile section */

/* Begin PBXFileReference section */
		231CFCCA1F12EE17009DA084 /* TSA Randomizer.app */ = {isa = PBXFileReference; explicitFileType = wrapper.application; includeInIndex = 0; path = "TSA Randomizer.app"; sourceTree = BUILT_PRODUCTS_DIR; };
		231CFCCD1F12EE17009DA084 /* AppDelegate.swift */ = {isa = PBXFileReference; lastKnownFileType = sourcecode.swift; name = AppDelegate.swift; path = "TSA Randomizer/AppDelegate.swift"; sourceTree = "<group>"; };
		231CFCCF1F12EE17009DA084 /* ViewController.swift */ = {isa = PBXFileReference; lastKnownFileType = sourcecode.swift; name = ViewController.swift; path = "TSA Randomizer/ViewController.swift"; sourceTree = "<group>"; };
		231CFCD21F12EE17009DA084 /* Base */ = {isa = PBXFileReference; lastKnownFileType = file.storyboard; name = Base; path = Base.lproj/Main.storyboard; sourceTree = "<group>"; };
		231CFCD41F12EE17009DA084 /* Assets.xcassets */ = {isa = PBXFileReference; lastKnownFileType = folder.assetcatalog; name = Assets.xcassets; path = "TSA Randomizer/Assets.xcassets"; sourceTree = "<group>"; };
		231CFCD71F12EE17009DA084 /* Base */ = {isa = PBXFileReference; lastKnownFileType = file.storyboard; name = Base; path = Base.lproj/LaunchScreen.storyboard; sourceTree = "<group>"; };
		231CFCD91F12EE17009DA084 /* Info.plist */ = {isa = PBXFileReference; lastKnownFileType = text.plist.xml; name = Info.plist; path = "TSA Randomizer/Info.plist"; sourceTree = "<group>"; };
		2355B09A1F1847D800FAFA55 /* GoogleMobileAds.framework */ = {isa = PBXFileReference; lastKnownFileType = wrapper.framework; path = GoogleMobileAds.framework; sourceTree = "<group>"; };
		23620CE31F15879B001C5B0F /* AboutScreen.swift */ = {isa = PBXFileReference; fileEncoding = 4; lastKnownFileType = sourcecode.swift; path = AboutScreen.swift; sourceTree = "<group>"; };
		23620CE51F158BFF001C5B0F /* StartScreen.swift */ = {isa = PBXFileReference; fileEncoding = 4; lastKnownFileType = sourcecode.swift; path = StartScreen.swift; sourceTree = "<group>"; };
		23725E131F81678A00DEA915 /* TSA Randomizer.entitlements */ = {isa = PBXFileReference; lastKnownFileType = text.plist.entitlements; name = "TSA Randomizer.entitlements"; path = "TSA Randomizer/TSA Randomizer.entitlements"; sourceTree = "<group>"; };
		23CA523F1F8E6CF600195CDC /* StoreKit.framework */ = {isa = PBXFileReference; lastKnownFileType = wrapper.framework; name = StoreKit.framework; path = System/Library/Frameworks/StoreKit.framework; sourceTree = SDKROOT; };
/* End PBXFileReference section */

/* Begin PBXFrameworksBuildPhase section */
		231CFCC71F12EE17009DA084 /* Frameworks */ = {
			isa = PBXFrameworksBuildPhase;
			buildActionMask = 2147483647;
			files = (
				2355B09B1F1847D800FAFA55 /* GoogleMobileAds.framework in Frameworks */,
				23CA52401F8E6CF600195CDC /* StoreKit.framework in Frameworks */,
			);
			runOnlyForDeploymentPostprocessing = 0;
		};
/* End PBXFrameworksBuildPhase section */

/* Begin PBXGroup section */
		231CFCC11F12EE17009DA084 = {
			isa = PBXGroup;
			children = (
				23725E131F81678A00DEA915 /* TSA Randomizer.entitlements */,
				23620CE31F15879B001C5B0F /* AboutScreen.swift */,
				23620CE51F158BFF001C5B0F /* StartScreen.swift */,
				231CFCCD1F12EE17009DA084 /* AppDelegate.swift */,
				231CFCCF1F12EE17009DA084 /* ViewController.swift */,
				231CFCD11F12EE17009DA084 /* Main.storyboard */,
				231CFCD41F12EE17009DA084 /* Assets.xcassets */,
				231CFCD61F12EE17009DA084 /* LaunchScreen.storyboard */,
				231CFCD91F12EE17009DA084 /* Info.plist */,
				231CFCCB1F12EE17009DA084 /* Products */,
				2355B09A1F1847D800FAFA55 /* GoogleMobileAds.framework */,
				23CA523E1F8E6CF600195CDC /* Frameworks */,
			);
			sourceTree = "<group>";
		};
		231CFCCB1F12EE17009DA084 /* Products */ = {
			isa = PBXGroup;
			children = (
				231CFCCA1F12EE17009DA084 /* TSA Randomizer.app */,
			);
			name = Products;
			sourceTree = "<group>";
		};
		23CA523E1F8E6CF600195CDC /* Frameworks */ = {
			isa = PBXGroup;
			children = (
				23CA523F1F8E6CF600195CDC /* StoreKit.framework */,
			);
			name = Frameworks;
			sourceTree = "<group>";
		};
/* End PBXGroup section */

/* Begin PBXNativeTarget section */
		231CFCC91F12EE17009DA084 /* TSA Randomizer */ = {
			isa = PBXNativeTarget;
			buildConfigurationList = 231CFCDC1F12EE17009DA084 /* Build configuration list for PBXNativeTarget "TSA Randomizer" */;
			buildPhases = (
				231CFCC61F12EE17009DA084 /* Sources */,
				231CFCC71F12EE17009DA084 /* Frameworks */,
				231CFCC81F12EE17009DA084 /* Resources */,
			);
			buildRules = (
			);
			dependencies = (
			);
			name = "TSA Randomizer";
			productName = "TSA Randomizer";
			productReference = 231CFCCA1F12EE17009DA084 /* TSA Randomizer.app */;
			productType = "com.apple.product-type.application";
		};
/* End PBXNativeTarget section */

/* Begin PBXProject section */
		231CFCC21F12EE17009DA084 /* Project object */ = {
			isa = PBXProject;
			attributes = {
				LastSwiftUpdateCheck = 0830;
				LastUpgradeCheck = 0900;
				ORGANIZATIONNAME = "Daniel Burgner";
				TargetAttributes = {
					231CFCC91F12EE17009DA084 = {
						CreatedOnToolsVersion = 8.3.3;
						DevelopmentTeam = JEGM3HZ27P;
						LastSwiftMigration = 0900;
						ProvisioningStyle = Automatic;
						SystemCapabilities = {
							com.apple.GameCenter = {
								enabled = 0;
							};
							com.apple.InAppPurchase = {
								enabled = 1;
							};
							com.apple.Keychain = {
								enabled = 1;
							};
						};
					};
				};
			};
			buildConfigurationList = 231CFCC51F12EE17009DA084 /* Build configuration list for PBXProject "TSA Randomizer" */;
			compatibilityVersion = "Xcode 3.2";
			developmentRegion = English;
			hasScannedForEncodings = 0;
			knownRegions = (
				en,
				Base,
			);
			mainGroup = 231CFCC11F12EE17009DA084;
			productRefGroup = 231CFCCB1F12EE17009DA084 /* Products */;
			projectDirPath = "";
			projectRoot = "";
			targets = (
				231CFCC91F12EE17009DA084 /* TSA Randomizer */,
			);
		};
/* End PBXProject section */

/* Begin PBXResourcesBuildPhase section */
		231CFCC81F12EE17009DA084 /* Resources */ = {
			isa = PBXResourcesBuildPhase;
			buildActionMask = 2147483647;
			files = (
				231CFCD81F12EE17009DA084 /* LaunchScreen.storyboard in Resources */,
				231CFCD51F12EE17009DA084 /* Assets.xcassets in Resources */,
				231CFCD31F12EE17009DA084 /* Main.storyboard in Resources */,
			);
			runOnlyForDeploymentPostprocessing = 0;
		};
/* End PBXResourcesBuildPhase section */

/* Begin PBXSourcesBuildPhase section */
		231CFCC61F12EE17009DA084 /* Sources */ = {
			isa = PBXSourcesBuildPhase;
			buildActionMask = 2147483647;
			files = (
				231CFCD01F12EE17009DA084 /* ViewController.swift in Sources */,
				231CFCCE1F12EE17009DA084 /* AppDelegate.swift in Sources */,
				23620CE61F158BFF001C5B0F /* StartScreen.swift in Sources */,
				23620CE41F15879B001C5B0F /* AboutScreen.swift in Sources */,
			);
			runOnlyForDeploymentPostprocessing = 0;
		};
/* End PBXSourcesBuildPhase section */

/* Begin PBXVariantGroup section */
		231CFCD11F12EE17009DA084 /* Main.storyboard */ = {
			isa = PBXVariantGroup;
			children = (
				231CFCD21F12EE17009DA084 /* Base */,
			);
			name = Main.storyboard;
			path = "TSA Randomizer";
			sourceTree = "<group>";
		};
		231CFCD61F12EE17009DA084 /* LaunchScreen.storyboard */ = {
			isa = PBXVariantGroup;
			children = (
				231CFCD71F12EE17009DA084 /* Base */,
			);
			name = LaunchScreen.storyboard;
			path = "TSA Randomizer";
			sourceTree = "<group>";
		};
/* End PBXVariantGroup section */

/* Begin XCBuildConfiguration section */
		231CFCDA1F12EE17009DA084 /* Debug */ = {
			isa = XCBuildConfiguration;
			buildSettings = {
				ALWAYS_SEARCH_USER_PATHS = NO;
				CLANG_ANALYZER_NONNULL = YES;
				CLANG_ANALYZER_NUMBER_OBJECT_CONVERSION = YES_AGGRESSIVE;
				CLANG_CXX_LANGUAGE_STANDARD = "gnu++0x";
				CLANG_CXX_LIBRARY = "libc++";
				CLANG_ENABLE_MODULES = YES;
				CLANG_ENABLE_OBJC_ARC = YES;
				CLANG_WARN_BLOCK_CAPTURE_AUTORELEASING = YES;
				CLANG_WARN_BOOL_CONVERSION = YES;
				CLANG_WARN_COMMA = YES;
				CLANG_WARN_CONSTANT_CONVERSION = YES;
				CLANG_WARN_DIRECT_OBJC_ISA_USAGE = YES_ERROR;
				CLANG_WARN_DOCUMENTATION_COMMENTS = YES;
				CLANG_WARN_EMPTY_BODY = YES;
				CLANG_WARN_ENUM_CONVERSION = YES;
				CLANG_WARN_INFINITE_RECURSION = YES;
				CLANG_WARN_INT_CONVERSION = YES;
				CLANG_WARN_NON_LITERAL_NULL_CONVERSION = YES;
				CLANG_WARN_OBJC_LITERAL_CONVERSION = YES;
				CLANG_WARN_OBJC_ROOT_CLASS = YES_ERROR;
				CLANG_WARN_RANGE_LOOP_ANALYSIS = YES;
				CLANG_WARN_STRICT_PROTOTYPES = YES;
				CLANG_WARN_SUSPICIOUS_MOVE = YES;
				CLANG_WARN_UNREACHABLE_CODE = YES;
				CLANG_WARN__DUPLICATE_METHOD_MATCH = YES;
				"CODE_SIGN_IDENTITY[sdk=iphoneos*]" = "iPhone Developer";
				COPY_PHASE_STRIP = NO;
				DEBUG_INFORMATION_FORMAT = dwarf;
				ENABLE_STRICT_OBJC_MSGSEND = YES;
				ENABLE_TESTABILITY = YES;
				GCC_C_LANGUAGE_STANDARD = gnu99;
				GCC_DYNAMIC_NO_PIC = NO;
				GCC_NO_COMMON_BLOCKS = YES;
				GCC_OPTIMIZATION_LEVEL = 0;
				GCC_PREPROCESSOR_DEFINITIONS = (
					"DEBUG=1",
					"$(inherited)",
				);
				GCC_WARN_64_TO_32_BIT_CONVERSION = YES;
				GCC_WARN_ABOUT_RETURN_TYPE = YES_ERROR;
				GCC_WARN_UNDECLARED_SELECTOR = YES;
				GCC_WARN_UNINITIALIZED_AUTOS = YES_AGGRESSIVE;
				GCC_WARN_UNUSED_FUNCTION = YES;
				GCC_WARN_UNUSED_VARIABLE = YES;
				IPHONEOS_DEPLOYMENT_TARGET = 10.3;
				MTL_ENABLE_DEBUG_INFO = YES;
				ONLY_ACTIVE_ARCH = YES;
				"OTHER_LDFLAGS[arch=*]" = "";
				SDKROOT = iphoneos;
				SWIFT_ACTIVE_COMPILATION_CONDITIONS = DEBUG;
				SWIFT_OPTIMIZATION_LEVEL = "-Onone";
				TARGETED_DEVICE_FAMILY = "1,2";
			};
			name = Debug;
		};
		231CFCDB1F12EE17009DA084 /* Release */ = {
			isa = XCBuildConfiguration;
			buildSettings = {
				ALWAYS_SEARCH_USER_PATHS = NO;
				CLANG_ANALYZER_NONNULL = YES;
				CLANG_ANALYZER_NUMBER_OBJECT_CONVERSION = YES_AGGRESSIVE;
				CLANG_CXX_LANGUAGE_STANDARD = "gnu++0x";
				CLANG_CXX_LIBRARY = "libc++";
				CLANG_ENABLE_MODULES = YES;
				CLANG_ENABLE_OBJC_ARC = YES;
				CLANG_WARN_BLOCK_CAPTURE_AUTORELEASING = YES;
				CLANG_WARN_BOOL_CONVERSION = YES;
				CLANG_WARN_COMMA = YES;
				CLANG_WARN_CONSTANT_CONVERSION = YES;
				CLANG_WARN_DIRECT_OBJC_ISA_USAGE = YES_ERROR;
				CLANG_WARN_DOCUMENTATION_COMMENTS = YES;
				CLANG_WARN_EMPTY_BODY = YES;
				CLANG_WARN_ENUM_CONVERSION = YES;
				CLANG_WARN_INFINITE_RECURSION = YES;
				CLANG_WARN_INT_CONVERSION = YES;
				CLANG_WARN_NON_LITERAL_NULL_CONVERSION = YES;
				CLANG_WARN_OBJC_LITERAL_CONVERSION = YES;
				CLANG_WARN_OBJC_ROOT_CLASS = YES_ERROR;
				CLANG_WARN_RANGE_LOOP_ANALYSIS = YES;
				CLANG_WARN_STRICT_PROTOTYPES = YES;
				CLANG_WARN_SUSPICIOUS_MOVE = YES;
				CLANG_WARN_UNREACHABLE_CODE = YES;
				CLANG_WARN__DUPLICATE_METHOD_MATCH = YES;
				"CODE_SIGN_IDENTITY[sdk=iphoneos*]" = "iPhone Developer";
				COPY_PHASE_STRIP = NO;
				DEBUG_INFORMATION_FORMAT = "dwarf-with-dsym";
				ENABLE_NS_ASSERTIONS = NO;
				ENABLE_STRICT_OBJC_MSGSEND = YES;
				GCC_C_LANGUAGE_STANDARD = gnu99;
				GCC_NO_COMMON_BLOCKS = YES;
				GCC_WARN_64_TO_32_BIT_CONVERSION = YES;
				GCC_WARN_ABOUT_RETURN_TYPE = YES_ERROR;
				GCC_WARN_UNDECLARED_SELECTOR = YES;
				GCC_WARN_UNINITIALIZED_AUTOS = YES_AGGRESSIVE;
				GCC_WARN_UNUSED_FUNCTION = YES;
				GCC_WARN_UNUSED_VARIABLE = YES;
				IPHONEOS_DEPLOYMENT_TARGET = 10.3;
				MTL_ENABLE_DEBUG_INFO = NO;
				"OTHER_LDFLAGS[arch=*]" = "";
				SDKROOT = iphoneos;
				SWIFT_OPTIMIZATION_LEVEL = "-Owholemodule";
				TARGETED_DEVICE_FAMILY = "1,2";
				VALIDATE_PRODUCT = YES;
			};
			name = Release;
		};
		231CFCDD1F12EE17009DA084 /* Debug */ = {
			isa = XCBuildConfiguration;
			buildSettings = {
				ASSETCATALOG_COMPILER_APPICON_NAME = AppIcon;
				CODE_SIGN_ENTITLEMENTS = "TSA Randomizer/TSA Randomizer.entitlements";
				DEVELOPMENT_TEAM = JEGM3HZ27P;
				FRAMEWORK_SEARCH_PATHS = (
					"$(inherited)",
					"$(PROJECT_DIR)",
				);
				INFOPLIST_FILE = "TSA Randomizer/Info.plist";
				LD_RUNPATH_SEARCH_PATHS = "$(inherited) @executable_path/Frameworks";
				PRODUCT_BUNDLE_IDENTIFIER = com.dburgnerjr.TSARandomizer;
				PRODUCT_NAME = "$(TARGET_NAME)";
				SWIFT_SWIFT3_OBJC_INFERENCE = Default;
				SWIFT_VERSION = 4.0;
			};
			name = Debug;
		};
		231CFCDE1F12EE17009DA084 /* Release */ = {
			isa = XCBuildConfiguration;
			buildSettings = {
				ASSETCATALOG_COMPILER_APPICON_NAME = AppIcon;
				CODE_SIGN_ENTITLEMENTS = "TSA Randomizer/TSA Randomizer.entitlements";
				DEVELOPMENT_TEAM = JEGM3HZ27P;
				FRAMEWORK_SEARCH_PATHS = (
					"$(inherited)",
					"$(PROJECT_DIR)",
				);
				INFOPLIST_FILE = "TSA Randomizer/Info.plist";
				LD_RUNPATH_SEARCH_PATHS = "$(inherited) @executable_path/Frameworks";
				PRODUCT_BUNDLE_IDENTIFIER = com.dburgnerjr.TSARandomizer;
				PRODUCT_NAME = "$(TARGET_NAME)";
				SWIFT_SWIFT3_OBJC_INFERENCE = Default;
				SWIFT_VERSION = 4.0;
				"USER_HEADER_SEARCH_PATHS[arch=*]" = "/Users/dburgnerjr/TSARandomizerIOS/TSA Randomizer";
			};
			name = Release;
		};
/* End XCBuildConfiguration section */

/* Begin XCConfigurationList section */
		231CFCC51F12EE17009DA084 /* Build configuration list for PBXProject "TSA Randomizer" */ = {
			isa = XCConfigurationList;
			buildConfigurations = (
				231CFCDA1F12EE17009DA084 /* Debug */,
				231CFCDB1F12EE17009DA084 /* Release */,
			);
			defaultConfigurationIsVisible = 0;
			defaultConfigurationName = Release;
		};
		231CFCDC1F12EE17009DA084 /* Build configuration list for PBXNativeTarget "TSA Randomizer" */ = {
			isa = XCConfigurationList;
			buildConfigurations = (
				231CFCDD1F12EE17009DA084 /* Debug */,
				231CFCDE1F12EE17009DA084 /* Release */,
			);
			defaultConfigurationIsVisible = 0;
			defaultConfigurationName = Release;
		};
/* End XCConfigurationList section */
	};
	rootObject = 231CFCC21F12EE17009DA084 /* Project object */;
}
